{
    "_readme": [
        "This file locks the dependencies of your project to a known state",
        "Read more about it at https://getcomposer.org/doc/01-basic-usage.md#composer-lock-the-lock-file",
        "This file is @generated automatically"
    ],
    "hash": "0d4a2bbfbd09f21730cf3f9b02784854",
    "content-hash": "eed87ab8c2e05840a3ec4a69d1e1809c",
    "packages": [
        {
            "name": "anax/common",
            "version": "v1.0.20",
            "source": {
                "type": "git",
                "url": "https://github.com/canax/common.git",
                "reference": "81884238755442413dcbdeaf6dd2f668aa7a70e6"
            },
            "dist": {
                "type": "zip",
                "url": "https://api.github.com/repos/canax/common/zipball/81884238755442413dcbdeaf6dd2f668aa7a70e6",
                "reference": "81884238755442413dcbdeaf6dd2f668aa7a70e6",
                "shasum": ""
            },
            "require": {
                "php": ">=5.6"
            },
            "type": "library",
            "autoload": {
                "psr-4": {
                    "Anax\\": "src/"
                },
                "files": [
                    "src/functions.php"
                ]
            },
            "notification-url": "https://packagist.org/downloads/",
            "license": [
                "MIT"
            ],
            "authors": [
                {
                    "name": "Mikael Roos",
                    "email": "mos@dbwebb.se",
                    "homepage": "https://dbwebb.se",
                    "role": "Developer"
                }
            ],
            "description": "Anax Common functions and classes.",
            "homepage": "https://dbwebb.se/anax",
            "keywords": [
                "boilerplate",
                "education",
                "framework",
                "micro",
                "mvc"
            ],
            "time": "2017-10-19 13:51:37"
        },
        {
            "name": "anax/configure",
            "version": "v1.0.5",
            "source": {
                "type": "git",
                "url": "https://github.com/canax/configure.git",
                "reference": "7247e1938bdf97b19090ac8024f2fd264ac8b6b4"
            },
            "dist": {
                "type": "zip",
                "url": "https://api.github.com/repos/canax/configure/zipball/7247e1938bdf97b19090ac8024f2fd264ac8b6b4",
                "reference": "7247e1938bdf97b19090ac8024f2fd264ac8b6b4",
                "shasum": ""
            },
            "require": {
                "php": ">=5.6"
            },
            "type": "library",
            "autoload": {
                "psr-4": {
                    "Anax\\": "src/"
                }
            },
            "notification-url": "https://packagist.org/downloads/",
            "license": [
                "MIT"
            ],
            "authors": [
                {
                    "name": "Mikael Roos",
                    "email": "mos@dbwebb.se",
                    "homepage": "https://dbwebb.se",
                    "role": "Developer"
                }
            ],
            "description": "Anax Configure module for reading config files.",
            "homepage": "https://dbwebb.se/anax",
            "keywords": [
                "boilerplate",
                "education",
                "framework",
                "micro",
                "mvc"
            ],
            "time": "2018-03-16 14:47:26"
        },
        {
            "name": "anax/database",
            "version": "v1.1.10",
            "source": {
                "type": "git",
                "url": "https://github.com/canax/database.git",
                "reference": "cae25768329ed2bbde2bea5a76262f0d6306dfa4"
            },
            "dist": {
                "type": "zip",
                "url": "https://api.github.com/repos/canax/database/zipball/cae25768329ed2bbde2bea5a76262f0d6306dfa4",
                "reference": "cae25768329ed2bbde2bea5a76262f0d6306dfa4",
                "shasum": ""
            },
            "require": {
                "php": ">=5.6"
            },
            "require-dev": {
                "anax/configure": "^1.0"
            },
            "suggest": {
                "anax/configure": "To enhance integration with Anax framework."
            },
            "type": "library",
            "autoload": {
                "psr-4": {
                    "Anax\\": "src/"
                }
            },
            "notification-url": "https://packagist.org/downloads/",
            "license": [
                "MIT"
            ],
            "authors": [
                {
                    "name": "Mikael Roos",
                    "email": "mos@dbwebb.se",
                    "homepage": "https://dbwebb.se",
                    "role": "Developer"
                }
            ],
            "description": "Anax Database module.",
            "homepage": "https://dbwebb.se/anax",
            "keywords": [
                "boilerplate",
                "education",
                "framework",
                "micro",
                "mvc"
            ],
            "time": "2018-04-25 06:14:06"
        },
        {
            "name": "anax/di",
            "version": "v1.0.10",
            "source": {
                "type": "git",
                "url": "https://github.com/canax/di.git",
                "reference": "2fd6ac6322bdbb8bdc62a5fbd9c69dffc94f1aaa"
            },
            "dist": {
                "type": "zip",
                "url": "https://api.github.com/repos/canax/di/zipball/2fd6ac6322bdbb8bdc62a5fbd9c69dffc94f1aaa",
                "reference": "2fd6ac6322bdbb8bdc62a5fbd9c69dffc94f1aaa",
                "shasum": ""
            },
            "require": {
                "anax/configure": "^1.0",
                "php": ">=5.6"
            },
            "type": "library",
            "autoload": {
                "psr-4": {
                    "Anax\\": "src/"
                }
            },
            "notification-url": "https://packagist.org/downloads/",
            "license": [
                "MIT"
            ],
            "authors": [
                {
                    "name": "Mikael Roos",
                    "email": "mos@dbwebb.se",
                    "homepage": "https://dbwebb.se",
                    "role": "Developer"
                }
            ],
            "description": "Anax dependency injection module.",
            "homepage": "https://dbwebb.se/anax",
            "keywords": [
                "boilerplate",
                "education",
                "framework",
                "micro",
                "mvc"
            ],
            "time": "2018-05-24 21:47:32"
        },
        {
            "name": "anax/htmlform",
            "version": "v1.0.4",
            "source": {
                "type": "git",
                "url": "https://github.com/canax/htmlform.git",
                "reference": "f4804e1e764b5c4f610befb8bfc7f91b175db53d"
            },
            "dist": {
                "type": "zip",
                "url": "https://api.github.com/repos/canax/htmlform/zipball/f4804e1e764b5c4f610befb8bfc7f91b175db53d",
                "reference": "f4804e1e764b5c4f610befb8bfc7f91b175db53d",
                "shasum": ""
            },
            "require": {
                "anax/di": "^1.0",
                "anax/request": "^1.0",
                "anax/response": "^1.0",
                "anax/session": "^1.0",
                "anax/url": "^1.0",
                "php": ">=5.6"
            },
            "type": "library",
            "autoload": {
                "psr-4": {
                    "Anax\\": "src/"
                }
            },
            "notification-url": "https://packagist.org/downloads/",
            "license": [
                "MIT"
            ],
            "authors": [
                {
                    "name": "Mikael Roos",
                    "email": "mos@dbwebb.se",
                    "homepage": "https://dbwebb.se",
                    "role": "Developer"
                }
            ],
            "description": "Anax htmlform module.",
            "homepage": "https://dbwebb.se/anax",
            "keywords": [
                "boilerplate",
                "education",
                "framework",
                "micro",
                "mvc"
            ],
            "time": "2018-02-26 18:56:01"
        },
        {
            "name": "anax/page",
            "version": "v1.0.2",
            "source": {
                "type": "git",
                "url": "https://github.com/canax/page.git",
                "reference": "cbb4bb2389e534ec1a8bbeb3bbbd606301801773"
            },
            "dist": {
                "type": "zip",
                "url": "https://api.github.com/repos/canax/page/zipball/cbb4bb2389e534ec1a8bbeb3bbbd606301801773",
                "reference": "cbb4bb2389e534ec1a8bbeb3bbbd606301801773",
                "shasum": ""
            },
            "require": {
                "anax/di": "^1.0",
                "anax/request": "^1.0",
                "anax/response": "^1.0",
                "anax/view": "^1.0",
                "php": ">=5.6"
            },
            "type": "library",
            "autoload": {
                "psr-4": {
                    "Anax\\": "src/"
                }
            },
            "notification-url": "https://packagist.org/downloads/",
            "license": [
                "MIT"
            ],
            "authors": [
                {
                    "name": "Mikael Roos",
                    "email": "mos@dbwebb.se",
                    "homepage": "https://dbwebb.se",
                    "role": "Developer"
                }
            ],
            "description": "Anax page module.",
            "homepage": "https://dbwebb.se/anax",
            "keywords": [
                "boilerplate",
                "education",
                "framework",
                "micro",
                "mvc"
            ],
            "time": "2017-10-24 14:10:11"
        },
        {
            "name": "anax/request",
            "version": "v1.0.6",
            "source": {
                "type": "git",
                "url": "https://github.com/canax/request.git",
                "reference": "4881aba8b7c4c9d25174e97c6e71f63427985cd7"
            },
            "dist": {
                "type": "zip",
                "url": "https://api.github.com/repos/canax/request/zipball/4881aba8b7c4c9d25174e97c6e71f63427985cd7",
                "reference": "4881aba8b7c4c9d25174e97c6e71f63427985cd7",
                "shasum": ""
            },
            "require": {
                "php": ">=5.6"
            },
            "require-dev": {
                "php": ">=5.6"
            },
            "type": "library",
            "autoload": {
                "psr-4": {
                    "Anax\\": "src/"
                }
            },
            "notification-url": "https://packagist.org/downloads/",
            "license": [
                "MIT"
            ],
            "authors": [
                {
                    "name": "Mikael Roos",
                    "email": "mos@dbwebb.se",
                    "homepage": "https://dbwebb.se",
                    "role": "Developer"
                }
            ],
            "description": "Anax Request class.",
            "homepage": "https://dbwebb.se/anax",
            "keywords": [
                "boilerplate",
                "education",
                "framework",
                "micro",
                "mvc"
            ],
            "time": "2017-10-15 21:09:58"
        },
        {
            "name": "anax/response",
            "version": "v1.0.8",
            "source": {
                "type": "git",
                "url": "https://github.com/canax/response.git",
                "reference": "e4192e0489c9877cf107e109b253da5c1afa61ae"
            },
            "dist": {
                "type": "zip",
                "url": "https://api.github.com/repos/canax/response/zipball/e4192e0489c9877cf107e109b253da5c1afa61ae",
                "reference": "e4192e0489c9877cf107e109b253da5c1afa61ae",
                "shasum": ""
            },
            "require": {
                "anax/di": "^1.0",
                "php": ">=5.6"
            },
            "type": "library",
            "autoload": {
                "psr-4": {
                    "Anax\\": "src/"
                }
            },
            "notification-url": "https://packagist.org/downloads/",
            "license": [
                "MIT"
            ],
            "authors": [
                {
                    "name": "Mikael Roos",
                    "email": "mos@dbwebb.se",
                    "homepage": "https://dbwebb.se",
                    "role": "Developer"
                }
            ],
            "description": "Anax Response module.",
            "homepage": "https://dbwebb.se/anax",
            "keywords": [
                "boilerplate",
                "education",
                "framework",
                "micro",
                "mvc"
            ],
            "time": "2017-10-15 22:09:43"
        },
        {
            "name": "anax/router",
            "version": "v1.0.15",
            "source": {
                "type": "git",
                "url": "https://github.com/canax/router.git",
                "reference": "c7eb4e1b1ac8e88ea773c29e9ab863ebebee71dc"
            },
            "dist": {
                "type": "zip",
                "url": "https://api.github.com/repos/canax/router/zipball/c7eb4e1b1ac8e88ea773c29e9ab863ebebee71dc",
                "reference": "c7eb4e1b1ac8e88ea773c29e9ab863ebebee71dc",
                "shasum": ""
            },
            "require": {
                "anax/common": "1.0.*",
                "anax/di": "1.0.*",
                "php": ">=5.6"
            },
            "type": "library",
            "autoload": {
                "psr-4": {
                    "Anax\\": "src/"
                }
            },
            "notification-url": "https://packagist.org/downloads/",
            "license": [
                "MIT"
            ],
            "authors": [
                {
                    "name": "Mikael Roos",
                    "email": "mos@dbwebb.se",
                    "homepage": "https://dbwebb.se",
                    "role": "Developer"
                }
            ],
            "description": "Anax Router module.",
            "homepage": "https://dbwebb.se/anax",
            "keywords": [
                "boilerplate",
                "education",
                "framework",
                "micro",
                "mvc"
            ],
            "time": "2017-09-28 19:44:36"
        },
        {
            "name": "anax/session",
            "version": "v1.0.10",
            "source": {
                "type": "git",
                "url": "https://github.com/canax/session.git",
                "reference": "376bb3a02d3a93f5044646bacda9103976ddfd91"
            },
            "dist": {
                "type": "zip",
                "url": "https://api.github.com/repos/canax/session/zipball/376bb3a02d3a93f5044646bacda9103976ddfd91",
                "reference": "376bb3a02d3a93f5044646bacda9103976ddfd91",
                "shasum": ""
            },
            "require": {
                "php": ">=5.6"
            },
            "require-dev": {
                "anax/configure": "^1.0"
            },
            "suggest": {
                "anax/configure": "^1.0"
            },
            "type": "library",
            "autoload": {
                "psr-4": {
                    "Anax\\": "src/"
                }
            },
            "notification-url": "https://packagist.org/downloads/",
            "license": [
                "MIT"
            ],
            "authors": [
                {
                    "name": "Mikael Roos",
                    "email": "mos@dbwebb.se",
                    "homepage": "https://dbwebb.se",
                    "role": "Developer"
                }
            ],
            "description": "Anax Session module.",
            "homepage": "https://dbwebb.se/anax",
            "keywords": [
                "boilerplate",
                "education",
                "framework",
                "micro",
                "mvc"
            ],
            "time": "2018-04-25 06:15:14"
        },
        {
            "name": "anax/textfilter",
            "version": "v1.0.2",
            "source": {
                "type": "git",
                "url": "https://github.com/canax/textfilter.git",
                "reference": "0fe7b6839a86a2256d22b7f59d10ee92663f89f1"
            },
            "dist": {
                "type": "zip",
                "url": "https://api.github.com/repos/canax/textfilter/zipball/0fe7b6839a86a2256d22b7f59d10ee92663f89f1",
                "reference": "0fe7b6839a86a2256d22b7f59d10ee92663f89f1",
                "shasum": ""
            },
            "require": {
                "ezyang/htmlpurifier": "4.*",
                "michelf/php-markdown": "1.6.*",
                "michelf/php-smartypants": "1.6.*",
                "php": ">=5.6",
                "scrivo/highlight.php": "^9.0"
            },
            "suggest": {
                "ext-json": "*",
                "ext-yaml": "*"
            },
            "type": "library",
            "autoload": {
                "psr-4": {
                    "Anax\\": "src/"
                }
            },
            "notification-url": "https://packagist.org/downloads/",
            "license": [
                "MIT"
            ],
            "authors": [
                {
                    "name": "Mikael Roos",
                    "email": "mos@dbwebb.se",
                    "homepage": "https://dbwebb.se",
                    "role": "Developer"
                }
            ],
            "description": "Anax TextFilter module.",
            "homepage": "https://dbwebb.se/anax",
            "keywords": [
                "boilerplate",
                "education",
                "framework",
                "micro",
                "mvc"
            ],
            "time": "2017-10-02 10:25:31"
        },
        {
            "name": "anax/url",
            "version": "v1.0.9",
            "source": {
                "type": "git",
                "url": "https://github.com/canax/url.git",
                "reference": "c1d99076b59b13ccde498642b423ccf676518eed"
            },
            "dist": {
                "type": "zip",
                "url": "https://api.github.com/repos/canax/url/zipball/c1d99076b59b13ccde498642b423ccf676518eed",
                "reference": "c1d99076b59b13ccde498642b423ccf676518eed",
                "shasum": ""
            },
            "require": {
                "anax/configure": "^1.0",
                "php": ">=5.6"
            },
            "type": "library",
            "autoload": {
                "psr-4": {
                    "Anax\\": "src/"
                }
            },
            "notification-url": "https://packagist.org/downloads/",
            "license": [
                "MIT"
            ],
            "authors": [
                {
                    "name": "Mikael Roos",
                    "email": "mos@dbwebb.se",
                    "homepage": "https://dbwebb.se",
                    "role": "Developer"
                }
            ],
            "description": "Anax Url class.",
            "homepage": "https://dbwebb.se/anax",
            "keywords": [
                "boilerplate",
                "education",
                "framework",
                "micro",
                "mvc"
            ],
            "time": "2017-12-04 10:44:29"
        },
        {
            "name": "anax/view",
            "version": "v1.0.26",
            "source": {
                "type": "git",
                "url": "https://github.com/canax/view.git",
                "reference": "2a3466b2d151a4f0f78d1259e94e79853b831a15"
            },
            "dist": {
                "type": "zip",
                "url": "https://api.github.com/repos/canax/view/zipball/2a3466b2d151a4f0f78d1259e94e79853b831a15",
                "reference": "2a3466b2d151a4f0f78d1259e94e79853b831a15",
                "shasum": ""
            },
            "require": {
                "anax/common": "^1.0",
                "anax/configure": "^1.0",
                "anax/di": "^1.0",
                "php": ">=5.6"
            },
            "type": "library",
            "autoload": {
                "psr-4": {
                    "Anax\\": "src/"
                }
            },
            "notification-url": "https://packagist.org/downloads/",
            "license": [
                "MIT"
            ],
            "authors": [
                {
                    "name": "Mikael Roos",
                    "email": "mos@dbwebb.se",
                    "homepage": "https://dbwebb.se",
                    "role": "Developer"
                }
            ],
            "description": "Anax View module.",
            "homepage": "https://dbwebb.se/anax",
            "keywords": [
                "boilerplate",
                "education",
                "framework",
                "micro",
                "mvc"
            ],
            "time": "2018-04-23 12:58:25"
        },
        {
            "name": "ezyang/htmlpurifier",
            "version": "v4.10.0",
            "source": {
                "type": "git",
                "url": "https://github.com/ezyang/htmlpurifier.git",
                "reference": "d85d39da4576a6934b72480be6978fb10c860021"
            },
            "dist": {
                "type": "zip",
                "url": "https://api.github.com/repos/ezyang/htmlpurifier/zipball/d85d39da4576a6934b72480be6978fb10c860021",
                "reference": "d85d39da4576a6934b72480be6978fb10c860021",
                "shasum": ""
            },
            "require": {
                "php": ">=5.2"
            },
            "require-dev": {
                "simpletest/simpletest": "^1.1"
            },
            "type": "library",
            "autoload": {
                "psr-0": {
                    "HTMLPurifier": "library/"
                },
                "files": [
                    "library/HTMLPurifier.composer.php"
                ]
            },
            "notification-url": "https://packagist.org/downloads/",
            "license": [
                "LGPL"
            ],
            "authors": [
                {
                    "name": "Edward Z. Yang",
                    "email": "admin@htmlpurifier.org",
                    "homepage": "http://ezyang.com"
                }
            ],
            "description": "Standards compliant HTML filter written in PHP",
            "homepage": "http://htmlpurifier.org/",
            "keywords": [
                "html"
            ],
            "time": "2018-02-23 01:58:20"
        },
        {
            "name": "kifekenny/comment",
            "version": "2.0.1",
            "source": {
                "type": "git",
                "url": "https://github.com/KifeKenny/comment-remverk.git",
                "reference": "5797565c8f2c80630d86044691d7157d917165bc"
            },
            "dist": {
                "type": "zip",
                "url": "https://api.github.com/repos/KifeKenny/comment-remverk/zipball/5797565c8f2c80630d86044691d7157d917165bc",
                "reference": "5797565c8f2c80630d86044691d7157d917165bc",
                "shasum": ""
            },
            "require": {
                "anax/configure": "^1.0",
                "anax/database": "^1.1",
                "anax/di": "^1.0",
                "anax/htmlform": "^1.0",
                "anax/page": "^1.0",
                "anax/request": "^1.0",
                "anax/response": "^1.0",
                "anax/router": "^1.0",
                "anax/session": "^1.0",
                "anax/textfilter": "^1.0",
                "anax/url": "^1.0",
                "anax/view": "^1.0",
                "php": ">=5.6",
                "symfony/yaml": "^3.3"
            },
            "type": "library",
            "autoload": {
                "psr-4": {
                    "Anax\\": "src/",
                    "Kifekenny\\": "src/"
                }
            },
            "notification-url": "https://packagist.org/downloads/",
            "license": [
                "MIT"
            ],
            "authors": [
                {
                    "name": "Kevin Jönsson",
                    "email": "kewin_256@hotmail.com",
                    "homepage": "https://dbwebb.se",
                    "role": "Developer"
                }
            ],
            "description": "kifeKenny comment module.",
            "homepage": "https://dbwebb.se/anax",
            "keywords": [
                "boilerplate",
                "education",
                "framework",
                "micro",
                "mvc"
            ],
            "time": "2018-09-06 15:32:26"
        },
        {
            "name": "michelf/php-markdown",
            "version": "1.6.0",
            "source": {
                "type": "git",
                "url": "https://github.com/michelf/php-markdown.git",
                "reference": "156e56ee036505ec637d761ee62dc425d807183c"
            },
            "dist": {
                "type": "zip",
                "url": "https://api.github.com/repos/michelf/php-markdown/zipball/156e56ee036505ec637d761ee62dc425d807183c",
                "reference": "156e56ee036505ec637d761ee62dc425d807183c",
                "shasum": ""
            },
            "require": {
                "php": ">=5.3.0"
            },
            "type": "library",
            "extra": {
                "branch-alias": {
                    "dev-lib": "1.4.x-dev"
                }
            },
            "autoload": {
                "psr-0": {
                    "Michelf": ""
                }
            },
            "notification-url": "https://packagist.org/downloads/",
            "license": [
                "BSD-3-Clause"
            ],
            "authors": [
                {
                    "name": "Michel Fortin",
                    "email": "michel.fortin@michelf.ca",
                    "homepage": "https://michelf.ca/",
                    "role": "Developer"
                },
                {
                    "name": "John Gruber",
                    "homepage": "https://daringfireball.net/"
                }
            ],
            "description": "PHP Markdown",
            "homepage": "https://michelf.ca/projects/php-markdown/",
            "keywords": [
                "markdown"
            ],
            "time": "2015-12-24 01:37:31"
        },
        {
            "name": "michelf/php-smartypants",
            "version": "1.6.0",
            "source": {
                "type": "git",
                "url": "https://github.com/michelf/php-smartypants.git",
                "reference": "674badae316a957173c67dd3184e21cb6807d7fb"
            },
            "dist": {
                "type": "zip",
                "url": "https://api.github.com/repos/michelf/php-smartypants/zipball/674badae316a957173c67dd3184e21cb6807d7fb",
                "reference": "674badae316a957173c67dd3184e21cb6807d7fb",
                "shasum": ""
            },
            "require": {
                "php": ">=5.3.0"
            },
            "type": "library",
            "extra": {
                "branch-alias": {
                    "dev-lib": "1.6.x-dev"
                }
            },
            "autoload": {
                "psr-0": {
                    "Michelf": ""
                }
            },
            "notification-url": "https://packagist.org/downloads/",
            "license": [
                "BSD-3-Clause"
            ],
            "authors": [
                {
                    "name": "Michel Fortin",
                    "email": "michel.fortin@michelf.ca",
                    "homepage": "https://michelf.ca/",
                    "role": "Developer"
                },
                {
                    "name": "John Gruber",
                    "homepage": "https://daringfireball.net/"
                }
            ],
            "description": "PHP SmartyPants",
            "homepage": "https://michelf.ca/projects/php-smartypants/",
            "keywords": [
                "dashes",
                "quotes",
                "spaces",
                "typographer",
                "typography"
            ],
            "time": "2016-10-10 18:14:08"
        },
        {
            "name": "scrivo/highlight.php",
            "version": "v9.12.0.5",
            "source": {
                "type": "git",
                "url": "https://github.com/scrivo/highlight.php.git",
                "reference": "0db45267df6b3bbae224ff86445d6407629e8b96"
            },
            "dist": {
                "type": "zip",
                "url": "https://api.github.com/repos/scrivo/highlight.php/zipball/0db45267df6b3bbae224ff86445d6407629e8b96",
                "reference": "0db45267df6b3bbae224ff86445d6407629e8b96",
                "shasum": ""
            },
            "require-dev": {
                "phpunit/phpunit": "^4.8",
                "symfony/finder": "^2.8"
            },
            "type": "library",
            "autoload": {
                "psr-0": {
                    "Highlight\\": ""
                }
            },
            "notification-url": "https://packagist.org/downloads/",
            "license": [
                "BSD-3-Clause"
            ],
            "authors": [
                {
                    "name": "Geert Bergman",
                    "homepage": "http://www.scrivo.org/",
                    "role": "Project Author"
                },
                {
                    "name": "Vladimir Jimenez",
                    "homepage": "https://allejo.io",
                    "role": "Contributor"
                },
                {
                    "name": "Martin Folkers",
                    "homepage": "https://twobrain.io",
                    "role": "Contributor"
                }
            ],
            "description": "Server side syntax highlighter that supports 176 languages. It's a PHP port of highlight.js",
            "keywords": [
                "code",
                "highlight",
                "highlight.js",
                "highlight.php",
                "syntax"
            ],
            "time": "2018-08-24 15:45:27"
        },
        {
            "name": "symfony/polyfill-ctype",
            "version": "v1.9.0",
            "source": {
                "type": "git",
                "url": "https://github.com/symfony/polyfill-ctype.git",
                "reference": "e3d826245268269cd66f8326bd8bc066687b4a19"
            },
            "dist": {
                "type": "zip",
                "url": "https://api.github.com/repos/symfony/polyfill-ctype/zipball/e3d826245268269cd66f8326bd8bc066687b4a19",
                "reference": "e3d826245268269cd66f8326bd8bc066687b4a19",
                "shasum": ""
            },
            "require": {
                "php": ">=5.3.3"
            },
            "suggest": {
                "ext-ctype": "For best performance"
            },
            "type": "library",
            "extra": {
                "branch-alias": {
                    "dev-master": "1.9-dev"
                }
            },
            "autoload": {
                "psr-4": {
                    "Symfony\\Polyfill\\Ctype\\": ""
                },
                "files": [
                    "bootstrap.php"
                ]
            },
            "notification-url": "https://packagist.org/downloads/",
            "license": [
                "MIT"
            ],
            "authors": [
                {
                    "name": "Symfony Community",
                    "homepage": "https://symfony.com/contributors"
                },
                {
                    "name": "Gert de Pagter",
                    "email": "BackEndTea@gmail.com"
                }
            ],
            "description": "Symfony polyfill for ctype functions",
            "homepage": "https://symfony.com",
            "keywords": [
                "compatibility",
                "ctype",
                "polyfill",
                "portable"
            ],
            "time": "2018-08-06 14:22:27"
        },
        {
            "name": "symfony/yaml",
            "version": "v3.4.15",
            "source": {
                "type": "git",
                "url": "https://github.com/symfony/yaml.git",
                "reference": "c2f4812ead9f847cb69e90917ca7502e6892d6b8"
            },
            "dist": {
                "type": "zip",
                "url": "https://api.github.com/repos/symfony/yaml/zipball/c2f4812ead9f847cb69e90917ca7502e6892d6b8",
                "reference": "c2f4812ead9f847cb69e90917ca7502e6892d6b8",
                "shasum": ""
            },
            "require": {
                "php": "^5.5.9|>=7.0.8",
                "symfony/polyfill-ctype": "~1.8"
            },
            "conflict": {
                "symfony/console": "<3.4"
            },
            "require-dev": {
                "symfony/console": "~3.4|~4.0"
            },
            "suggest": {
                "symfony/console": "For validating YAML files using the lint command"
            },
            "type": "library",
            "extra": {
                "branch-alias": {
                    "dev-master": "3.4-dev"
                }
            },
            "autoload": {
                "psr-4": {
                    "Symfony\\Component\\Yaml\\": ""
                },
                "exclude-from-classmap": [
                    "/Tests/"
                ]
            },
            "notification-url": "https://packagist.org/downloads/",
            "license": [
                "MIT"
            ],
            "authors": [
                {
                    "name": "Fabien Potencier",
                    "email": "fabien@symfony.com"
                },
                {
                    "name": "Symfony Community",
                    "homepage": "https://symfony.com/contributors"
                }
            ],
            "description": "Symfony Yaml Component",
            "homepage": "https://symfony.com",
            "time": "2018-08-10 07:34:36"
        }
    ],
    "packages-dev": [],
    "aliases": [],
    "minimum-stability": "stable",
    "stability-flags": [],
    "prefer-stable": false,
    "prefer-lowest": false,
    "platform": [],
    "platform-dev": []
}
